Microsoft Visual Studio Solution File, Format Version 12.00
# Visual Studio Version 16
VisualStudioVersion = 16.0.36128.20
MinimumVisualStudioVersion = 10.0.40219.1
Project("{FAE04EC0-301F-11D3-BF4B-00C04F79EFBC}") = "xyLOGIX.Api.Data.Repositories", "xyLOGIX.Api.Data.Repositories\xyLOGIX.Api.Data.Repositories.csproj", "{04B2ADFC-9684-49C6-8D4A-DA28E4873B83}"
EndProject
Project("{FAE04EC0-301F-11D3-BF4B-00C04F79EFBC}") = "xyLOGIX.Api.Data.Repositories.Tests", "xyLOGIX.Api.Data.Repositories.Tests\xyLOGIX.Api.Data.Repositories.Tests.csproj", "{66439609-A57C-4BDC-A2E3-033CD75B5891}"
EndProject
Project("{FAE04EC0-301F-11D3-BF4B-00C04F79EFBC}") = "xyLOGIX.Api.Data.Repositories.Events", "xyLOGIX.Api.Data.Repositories.Events\xyLOGIX.Api.Data.Repositories.Events.csproj", "{62A5D5AD-D1EB-4D6D-8BA0-45236693D3ED}"
EndProject
Project("{FAE04EC0-301F-11D3-BF4B-00C04F79EFBC}") = "xyLOGIX.Api.Data.Repositories.Interfaces", "xyLOGIX.Api.Data.Repositories.Interfaces\xyLOGIX.Api.Data.Repositories.Interfaces.csproj", "{ED776EAD-7091-452A-8E64-07CBA0C2396A}"
EndProject
Project("{FAE04EC0-301F-11D3-BF4B-00C04F79EFBC}") = "xyLOGIX.Api.Data.Iterators", "..\xyLOGIX.Api.Data.Iterators\xyLOGIX.Api.Data.Iterators\xyLOGIX.Api.Data.Iterators.csproj", "{F5B8CEC3-9C00-45EE-8202-97080D0C95BB}"
EndProject
Project("{FAE04EC0-301F-11D3-BF4B-00C04F79EFBC}") = "xyLOGIX.Api.Data.Iterators.Events", "..\xyLOGIX.Api.Data.Iterators\xyLOGIX.Api.Data.Iterators.Events\xyLOGIX.Api.Data.Iterators.Events.csproj", "{3E3DB35C-0B83-4D8C-AC6B-22A085117026}"
EndProject
Project("{FAE04EC0-301F-11D3-BF4B-00C04F79EFBC}") = "xyLOGIX.Api.Data.Iterators.Exceptions", "..\xyLOGIX.Api.Data.Iterators\xyLOGIX.Api.Data.Iterators.Exceptions\xyLOGIX.Api.Data.Iterators.Exceptions.csproj", "{C86E05F7-04BB-4A45-B264-B3BF976D5B04}"
EndProject
Project("{FAE04EC0-301F-11D3-BF4B-00C04F79EFBC}") = "xyLOGIX.Api.Data.Iterators.Interfaces", "..\xyLOGIX.Api.Data.Iterators\xyLOGIX.Api.Data.Iterators.Interfaces\xyLOGIX.Api.Data.Iterators.Interfaces.csproj", "{6C7EC464-BCD6-43A7-A147-984E404F43FD}"
EndProject
Project("{FAE04EC0-301F-11D3-BF4B-00C04F79EFBC}") = "xyLOGIX.Api.Data.Iterables", "..\xyLOGIX.Api.Data.Iterables\xyLOGIX.Api.Data.Iterables\xyLOGIX.Api.Data.Iterables.csproj", "{DCA15B26-3DFC-485D-8E4A-8FF5328EFA46}"
EndProject
Project("{FAE04EC0-301F-11D3-BF4B-00C04F79EFBC}") = "xyLOGIX.Api.Data.Iterables.Interfaces", "..\xyLOGIX.Api.Data.Iterables\xyLOGIX.Api.Data.Iterables.Interfaces\xyLOGIX.Api.Data.Iterables.Interfaces.csproj", "{B71D1A36-9468-45A6-8C6D-B60F35BC561A}"
EndProject
Project("{2150E333-8FDC-42A3-9474-1A3956D46DE8}") = "Solution Items", "Solution Items", "{F54C735C-70BE-4500-AD89-BA4B302266D7}"
	ProjectSection(SolutionItems) = preProject
		README.md = README.md
		xyLOGIX.Api.Data.Repositories.pssln = xyLOGIX.Api.Data.Repositories.pssln
	EndProjectSection
EndProject
Project("{FAE04EC0-301F-11D3-BF4B-00C04F79EFBC}") = "xyLOGIX.Core.Debug", "..\xyLOGIX.Core.Debug.VS2019\xyLOGIX.Core.Debug\xyLOGIX.Core.Debug.csproj", "{C445C052-26B6-4884-9A7B-25DC7ABC0DED}"
EndProject
Project("{FAE04EC0-301F-11D3-BF4B-00C04F79EFBC}") = "xyLOGIX.Core.Extensions", "..\xyLOGIX.Core.Extensions.VS2019\xyLOGIX.Core.Extensions\xyLOGIX.Core.Extensions.csproj", "{5528D7FB-B88B-4E9D-9BBD-B6B6B893666A}"
EndProject
Project("{FAE04EC0-301F-11D3-BF4B-00C04F79EFBC}") = "xyLOGIX.Core.Extensions.Providers", "..\xyLOGIX.Core.Extensions.VS2019\xyLOGIX.Core.Extensions.Providers\xyLOGIX.Core.Extensions.Providers.csproj", "{EA03D76A-0A2F-4BDE-9690-92F82AF551D7}"
EndProject
Project("{FAE04EC0-301F-11D3-BF4B-00C04F79EFBC}") = "xyLOGIX.Core.Extensions.Providers.Factories", "..\xyLOGIX.Core.Extensions.VS2019\xyLOGIX.Core.Extensions.Providers.Factories\xyLOGIX.Core.Extensions.Providers.Factories.csproj", "{EA3A9AB0-6AFD-456D-BB58-F50E5C8001DD}"
EndProject
Project("{FAE04EC0-301F-11D3-BF4B-00C04F79EFBC}") = "xyLOGIX.Core.Extensions.Providers.Interfaces", "..\xyLOGIX.Core.Extensions.VS2019\xyLOGIX.Core.Extensions.Providers.Interfaces\xyLOGIX.Core.Extensions.Providers.Interfaces.csproj", "{1FF580E3-D9C2-48B7-917E-53C340BF16EC}"
EndProject
Project("{FAE04EC0-301F-11D3-BF4B-00C04F79EFBC}") = "xyLOGIX.Core.Assemblies.Info", "..\xyLOGIX.Core.Assemblies.Info.VS2019\xyLOGIX.Core.Assemblies.Info\xyLOGIX.Core.Assemblies.Info.csproj", "{1611C59B-1C1E-4F7C-A1CC-7F263DD31188}"
EndProject
Project("{FAE04EC0-301F-11D3-BF4B-00C04F79EFBC}") = "xyLOGIX.Collections.Synchronized", "..\xyLOGIX.Collections.Synchronized.VS2019\xyLOGIX.Collections.Synchronized\xyLOGIX.Collections.Synchronized.csproj", "{33FD8195-DDE4-4245-9EDA-35836CAA40C5}"
EndProject
Global
	GlobalSection(SolutionConfigurationPlatforms) = preSolution
		Debug|x64 = Debug|x64
		Debug|x86 = Debug|x86
		Release|x64 = Release|x64
		Release|x86 = Release|x86
	EndGlobalSection
	GlobalSection(ProjectConfigurationPlatforms) = postSolution
		{04B2ADFC-9684-49C6-8D4A-DA28E4873B83}.Debug|x64.ActiveCfg = Debug|x64
		{04B2ADFC-9684-49C6-8D4A-DA28E4873B83}.Debug|x64.Build.0 = Debug|x64
		{04B2ADFC-9684-49C6-8D4A-DA28E4873B83}.Debug|x86.ActiveCfg = Debug|x86
		{04B2ADFC-9684-49C6-8D4A-DA28E4873B83}.Debug|x86.Build.0 = Debug|x86
		{04B2ADFC-9684-49C6-8D4A-DA28E4873B83}.Release|x64.ActiveCfg = Release|x64
		{04B2ADFC-9684-49C6-8D4A-DA28E4873B83}.Release|x64.Build.0 = Release|x64
		{04B2ADFC-9684-49C6-8D4A-DA28E4873B83}.Release|x86.ActiveCfg = Release|x86
		{04B2ADFC-9684-49C6-8D4A-DA28E4873B83}.Release|x86.Build.0 = Release|x86
		{66439609-A57C-4BDC-A2E3-033CD75B5891}.Debug|x64.ActiveCfg = Debug|x64
		{66439609-A57C-4BDC-A2E3-033CD75B5891}.Debug|x64.Build.0 = Debug|x64
		{66439609-A57C-4BDC-A2E3-033CD75B5891}.Debug|x86.ActiveCfg = Debug|x86
		{66439609-A57C-4BDC-A2E3-033CD75B5891}.Debug|x86.Build.0 = Debug|x86
		{66439609-A57C-4BDC-A2E3-033CD75B5891}.Release|x64.ActiveCfg = Release|x64
		{66439609-A57C-4BDC-A2E3-033CD75B5891}.Release|x64.Build.0 = Release|x64
		{66439609-A57C-4BDC-A2E3-033CD75B5891}.Release|x86.ActiveCfg = Release|x86
		{66439609-A57C-4BDC-A2E3-033CD75B5891}.Release|x86.Build.0 = Release|x86
		{62A5D5AD-D1EB-4D6D-8BA0-45236693D3ED}.Debug|x64.ActiveCfg = Debug|x64
		{62A5D5AD-D1EB-4D6D-8BA0-45236693D3ED}.Debug|x64.Build.0 = Debug|x64
		{62A5D5AD-D1EB-4D6D-8BA0-45236693D3ED}.Debug|x86.ActiveCfg = Debug|x86
		{62A5D5AD-D1EB-4D6D-8BA0-45236693D3ED}.Debug|x86.Build.0 = Debug|x86
		{62A5D5AD-D1EB-4D6D-8BA0-45236693D3ED}.Release|x64.ActiveCfg = Release|x64
		{62A5D5AD-D1EB-4D6D-8BA0-45236693D3ED}.Release|x64.Build.0 = Release|x64
		{62A5D5AD-D1EB-4D6D-8BA0-45236693D3ED}.Release|x86.ActiveCfg = Release|x86
		{62A5D5AD-D1EB-4D6D-8BA0-45236693D3ED}.Release|x86.Build.0 = Release|x86
		{ED776EAD-7091-452A-8E64-07CBA0C2396A}.Debug|x64.ActiveCfg = Debug|x64
		{ED776EAD-7091-452A-8E64-07CBA0C2396A}.Debug|x64.Build.0 = Debug|x64
		{ED776EAD-7091-452A-8E64-07CBA0C2396A}.Debug|x86.ActiveCfg = Debug|x86
		{ED776EAD-7091-452A-8E64-07CBA0C2396A}.Debug|x86.Build.0 = Debug|x86
		{ED776EAD-7091-452A-8E64-07CBA0C2396A}.Release|x64.ActiveCfg = Release|x64
		{ED776EAD-7091-452A-8E64-07CBA0C2396A}.Release|x64.Build.0 = Release|x64
		{ED776EAD-7091-452A-8E64-07CBA0C2396A}.Release|x86.ActiveCfg = Release|x86
		{ED776EAD-7091-452A-8E64-07CBA0C2396A}.Release|x86.Build.0 = Release|x86
		{F5B8CEC3-9C00-45EE-8202-97080D0C95BB}.Debug|x64.ActiveCfg = Debug|x64
		{F5B8CEC3-9C00-45EE-8202-97080D0C95BB}.Debug|x64.Build.0 = Debug|x64
		{F5B8CEC3-9C00-45EE-8202-97080D0C95BB}.Debug|x86.ActiveCfg = Debug|x86
		{F5B8CEC3-9C00-45EE-8202-97080D0C95BB}.Debug|x86.Build.0 = Debug|x86
		{F5B8CEC3-9C00-45EE-8202-97080D0C95BB}.Release|x64.ActiveCfg = Release|x64
		{F5B8CEC3-9C00-45EE-8202-97080D0C95BB}.Release|x64.Build.0 = Release|x64
		{F5B8CEC3-9C00-45EE-8202-97080D0C95BB}.Release|x86.ActiveCfg = Release|x86
		{F5B8CEC3-9C00-45EE-8202-97080D0C95BB}.Release|x86.Build.0 = Release|x86
		{3E3DB35C-0B83-4D8C-AC6B-22A085117026}.Debug|x64.ActiveCfg = Debug|x64
		{3E3DB35C-0B83-4D8C-AC6B-22A085117026}.Debug|x64.Build.0 = Debug|x64
		{3E3DB35C-0B83-4D8C-AC6B-22A085117026}.Debug|x86.ActiveCfg = Debug|x86
		{3E3DB35C-0B83-4D8C-AC6B-22A085117026}.Debug|x86.Build.0 = Debug|x86
		{3E3DB35C-0B83-4D8C-AC6B-22A085117026}.Release|x64.ActiveCfg = Release|x64
		{3E3DB35C-0B83-4D8C-AC6B-22A085117026}.Release|x64.Build.0 = Release|x64
		{3E3DB35C-0B83-4D8C-AC6B-22A085117026}.Release|x86.ActiveCfg = Release|x86
		{3E3DB35C-0B83-4D8C-AC6B-22A085117026}.Release|x86.Build.0 = Release|x86
		{C86E05F7-04BB-4A45-B264-B3BF976D5B04}.Debug|x64.ActiveCfg = Debug|x64
		{C86E05F7-04BB-4A45-B264-B3BF976D5B04}.Debug|x64.Build.0 = Debug|x64
		{C86E05F7-04BB-4A45-B264-B3BF976D5B04}.Debug|x86.ActiveCfg = Debug|x86
		{C86E05F7-04BB-4A45-B264-B3BF976D5B04}.Debug|x86.Build.0 = Debug|x86
		{C86E05F7-04BB-4A45-B264-B3BF976D5B04}.Release|x64.ActiveCfg = Release|x64
		{C86E05F7-04BB-4A45-B264-B3BF976D5B04}.Release|x64.Build.0 = Release|x64
		{C86E05F7-04BB-4A45-B264-B3BF976D5B04}.Release|x86.ActiveCfg = Release|x86
		{C86E05F7-04BB-4A45-B264-B3BF976D5B04}.Release|x86.Build.0 = Release|x86
		{6C7EC464-BCD6-43A7-A147-984E404F43FD}.Debug|x64.ActiveCfg = Debug|x64
		{6C7EC464-BCD6-43A7-A147-984E404F43FD}.Debug|x64.Build.0 = Debug|x64
		{6C7EC464-BCD6-43A7-A147-984E404F43FD}.Debug|x86.ActiveCfg = Debug|x86
		{6C7EC464-BCD6-43A7-A147-984E404F43FD}.Debug|x86.Build.0 = Debug|x86
		{6C7EC464-BCD6-43A7-A147-984E404F43FD}.Release|x64.ActiveCfg = Release|x64
		{6C7EC464-BCD6-43A7-A147-984E404F43FD}.Release|x64.Build.0 = Release|x64
		{6C7EC464-BCD6-43A7-A147-984E404F43FD}.Release|x86.ActiveCfg = Release|x86
		{6C7EC464-BCD6-43A7-A147-984E404F43FD}.Release|x86.Build.0 = Release|x86
		{DCA15B26-3DFC-485D-8E4A-8FF5328EFA46}.Debug|x64.ActiveCfg = Debug|x64
		{DCA15B26-3DFC-485D-8E4A-8FF5328EFA46}.Debug|x64.Build.0 = Debug|x64
		{DCA15B26-3DFC-485D-8E4A-8FF5328EFA46}.Debug|x86.ActiveCfg = Debug|x86
		{DCA15B26-3DFC-485D-8E4A-8FF5328EFA46}.Debug|x86.Build.0 = Debug|x86
		{DCA15B26-3DFC-485D-8E4A-8FF5328EFA46}.Release|x64.ActiveCfg = Release|x64
		{DCA15B26-3DFC-485D-8E4A-8FF5328EFA46}.Release|x64.Build.0 = Release|x64
		{DCA15B26-3DFC-485D-8E4A-8FF5328EFA46}.Release|x86.ActiveCfg = Release|x86
		{DCA15B26-3DFC-485D-8E4A-8FF5328EFA46}.Release|x86.Build.0 = Release|x86
		{B71D1A36-9468-45A6-8C6D-B60F35BC561A}.Debug|x64.ActiveCfg = Debug|x64
		{B71D1A36-9468-45A6-8C6D-B60F35BC561A}.Debug|x64.Build.0 = Debug|x64
		{B71D1A36-9468-45A6-8C6D-B60F35BC561A}.Debug|x86.ActiveCfg = Debug|x86
		{B71D1A36-9468-45A6-8C6D-B60F35BC561A}.Debug|x86.Build.0 = Debug|x86
		{B71D1A36-9468-45A6-8C6D-B60F35BC561A}.Release|x64.ActiveCfg = Release|x64
		{B71D1A36-9468-45A6-8C6D-B60F35BC561A}.Release|x64.Build.0 = Release|x64
		{B71D1A36-9468-45A6-8C6D-B60F35BC561A}.Release|x86.ActiveCfg = Release|x86
		{B71D1A36-9468-45A6-8C6D-B60F35BC561A}.Release|x86.Build.0 = Release|x86
		{C445C052-26B6-4884-9A7B-25DC7ABC0DED}.Debug|x64.ActiveCfg = Debug|x64
		{C445C052-26B6-4884-9A7B-25DC7ABC0DED}.Debug|x64.Build.0 = Debug|x64
		{C445C052-26B6-4884-9A7B-25DC7ABC0DED}.Debug|x86.ActiveCfg = Debug|x86
		{C445C052-26B6-4884-9A7B-25DC7ABC0DED}.Debug|x86.Build.0 = Debug|x86
		{C445C052-26B6-4884-9A7B-25DC7ABC0DED}.Release|x64.ActiveCfg = Release|x64
		{C445C052-26B6-4884-9A7B-25DC7ABC0DED}.Release|x64.Build.0 = Release|x64
		{C445C052-26B6-4884-9A7B-25DC7ABC0DED}.Release|x86.ActiveCfg = Release|x86
		{C445C052-26B6-4884-9A7B-25DC7ABC0DED}.Release|x86.Build.0 = Release|x86
		{5528D7FB-B88B-4E9D-9BBD-B6B6B893666A}.Debug|x64.ActiveCfg = Debug|x64
		{5528D7FB-B88B-4E9D-9BBD-B6B6B893666A}.Debug|x64.Build.0 = Debug|x64
		{5528D7FB-B88B-4E9D-9BBD-B6B6B893666A}.Debug|x86.ActiveCfg = Debug|x86
		{5528D7FB-B88B-4E9D-9BBD-B6B6B893666A}.Debug|x86.Build.0 = Debug|x86
		{5528D7FB-B88B-4E9D-9BBD-B6B6B893666A}.Release|x64.ActiveCfg = Release|x64
		{5528D7FB-B88B-4E9D-9BBD-B6B6B893666A}.Release|x64.Build.0 = Release|x64
		{5528D7FB-B88B-4E9D-9BBD-B6B6B893666A}.Release|x86.ActiveCfg = Release|x86
		{5528D7FB-B88B-4E9D-9BBD-B6B6B893666A}.Release|x86.Build.0 = Release|x86
		{EA03D76A-0A2F-4BDE-9690-92F82AF551D7}.Debug|x64.ActiveCfg = Debug|x64
		{EA03D76A-0A2F-4BDE-9690-92F82AF551D7}.Debug|x64.Build.0 = Debug|x64
		{EA03D76A-0A2F-4BDE-9690-92F82AF551D7}.Debug|x86.ActiveCfg = Debug|x86
		{EA03D76A-0A2F-4BDE-9690-92F82AF551D7}.Debug|x86.Build.0 = Debug|x86
		{EA03D76A-0A2F-4BDE-9690-92F82AF551D7}.Release|x64.ActiveCfg = Release|x64
		{EA03D76A-0A2F-4BDE-9690-92F82AF551D7}.Release|x64.Build.0 = Release|x64
		{EA03D76A-0A2F-4BDE-9690-92F82AF551D7}.Release|x86.ActiveCfg = Release|x86
		{EA03D76A-0A2F-4BDE-9690-92F82AF551D7}.Release|x86.Build.0 = Release|x86
		{EA3A9AB0-6AFD-456D-BB58-F50E5C8001DD}.Debug|x64.ActiveCfg = Debug|x64
		{EA3A9AB0-6AFD-456D-BB58-F50E5C8001DD}.Debug|x64.Build.0 = Debug|x64
		{EA3A9AB0-6AFD-456D-BB58-F50E5C8001DD}.Debug|x86.ActiveCfg = Debug|x86
		{EA3A9AB0-6AFD-456D-BB58-F50E5C8001DD}.Debug|x86.Build.0 = Debug|x86
		{EA3A9AB0-6AFD-456D-BB58-F50E5C8001DD}.Release|x64.ActiveCfg = Release|x64
		{EA3A9AB0-6AFD-456D-BB58-F50E5C8001DD}.Release|x64.Build.0 = Release|x64
		{EA3A9AB0-6AFD-456D-BB58-F50E5C8001DD}.Release|x86.ActiveCfg = Release|x86
		{EA3A9AB0-6AFD-456D-BB58-F50E5C8001DD}.Release|x86.Build.0 = Release|x86
		{1FF580E3-D9C2-48B7-917E-53C340BF16EC}.Debug|x64.ActiveCfg = Debug|x64
		{1FF580E3-D9C2-48B7-917E-53C340BF16EC}.Debug|x64.Build.0 = Debug|x64
		{1FF580E3-D9C2-48B7-917E-53C340BF16EC}.Debug|x86.ActiveCfg = Debug|x86
		{1FF580E3-D9C2-48B7-917E-53C340BF16EC}.Debug|x86.Build.0 = Debug|x86
		{1FF580E3-D9C2-48B7-917E-53C340BF16EC}.Release|x64.ActiveCfg = Release|x64
		{1FF580E3-D9C2-48B7-917E-53C340BF16EC}.Release|x64.Build.0 = Release|x64
		{1FF580E3-D9C2-48B7-917E-53C340BF16EC}.Release|x86.ActiveCfg = Release|x86
		{1FF580E3-D9C2-48B7-917E-53C340BF16EC}.Release|x86.Build.0 = Release|x86
		{1611C59B-1C1E-4F7C-A1CC-7F263DD31188}.Debug|x64.ActiveCfg = Debug|x64
		{1611C59B-1C1E-4F7C-A1CC-7F263DD31188}.Debug|x64.Build.0 = Debug|x64
		{1611C59B-1C1E-4F7C-A1CC-7F263DD31188}.Debug|x86.ActiveCfg = Debug|x86
		{1611C59B-1C1E-4F7C-A1CC-7F263DD31188}.Debug|x86.Build.0 = Debug|x86
		{1611C59B-1C1E-4F7C-A1CC-7F263DD31188}.Release|x64.ActiveCfg = Release|x64
		{1611C59B-1C1E-4F7C-A1CC-7F263DD31188}.Release|x64.Build.0 = Release|x64
		{1611C59B-1C1E-4F7C-A1CC-7F263DD31188}.Release|x86.ActiveCfg = Release|x86
		{1611C59B-1C1E-4F7C-A1CC-7F263DD31188}.Release|x86.Build.0 = Release|x86
		{33FD8195-DDE4-4245-9EDA-35836CAA40C5}.Debug|x64.ActiveCfg = Debug|x64
		{33FD8195-DDE4-4245-9EDA-35836CAA40C5}.Debug|x64.Build.0 = Debug|x64
		{33FD8195-DDE4-4245-9EDA-35836CAA40C5}.Debug|x86.ActiveCfg = Debug|x86
		{33FD8195-DDE4-4245-9EDA-35836CAA40C5}.Debug|x86.Build.0 = Debug|x86
		{33FD8195-DDE4-4245-9EDA-35836CAA40C5}.Release|x64.ActiveCfg = Release|x64
		{33FD8195-DDE4-4245-9EDA-35836CAA40C5}.Release|x64.Build.0 = Release|x64
		{33FD8195-DDE4-4245-9EDA-35836CAA40C5}.Release|x86.ActiveCfg = Release|x86
		{33FD8195-DDE4-4245-9EDA-35836CAA40C5}.Release|x86.Build.0 = Release|x86
	EndGlobalSection
	GlobalSection(SolutionProperties) = preSolution
		HideSolutionNode = FALSE
	EndGlobalSection
	GlobalSection(ExtensibilityGlobals) = postSolution
		SolutionGuid = {0D9F14ED-83C5-4542-B669-9E2829579D3F}
	EndGlobalSection
EndGlobal
